
Microsoft Visual Studio Solution File, Format Version 12.00
# Visual Studio 15
VisualStudioVersion = 15.0.26228.9
MinimumVisualStudioVersion = 10.0.40219.1
Project("{FAE04EC0-301F-11D3-BF4B-00C04F79EFBC}") = "Pecunia.PresentationLayer", "Pecunia.PresentationLayer\Pecunia.PresentationLayer.csproj", "{3467AAA4-5310-4CB3-AF0D-6EF5809185A0}"
EndProject
Project("{FAE04EC0-301F-11D3-BF4B-00C04F79EFBC}") = "Pecunia.BusinessLayer", "Pecunia.BusinessLayer\Pecunia.BusinessLayer.csproj", "{D3CA5E1A-2D48-4D88-906C-DC2DA09EA5F0}"
EndProject
Project("{FAE04EC0-301F-11D3-BF4B-00C04F79EFBC}") = "Pecunia.DataAccessLayer", "Pecunia.DataAccessLayer\Pecunia.DataAccessLayer.csproj", "{071DE7DB-BAD2-4B3C-92B2-337B50B1039A}"
EndProject
Project("{FAE04EC0-301F-11D3-BF4B-00C04F79EFBC}") = "Pecunia.Entities", "Pecunia.Entities\Pecunia.Entities.csproj", "{CCB8BED5-565E-438F-9415-46A1B75AAE20}"
EndProject
Project("{FAE04EC0-301F-11D3-BF4B-00C04F79EFBC}") = "Pecunia.Exceptions", "Pecunia.Exceptions\Pecunia.Exceptions.csproj", "{FAA9B1FD-BB7D-4F4E-BC83-3A19D65F718D}"
EndProject
Project("{FAE04EC0-301F-11D3-BF4B-00C04F79EFBC}") = "Pecunia.Helpers", "Helpers\Pecunia.Helpers.csproj", "{BD02EC7E-90E2-47BB-ABB1-C0AC26FCB7E6}"
EndProject
Project("{FAE04EC0-301F-11D3-BF4B-00C04F79EFBC}") = "Pecunia.Contracts", "Pecunia.Contracts\Pecunia.Contracts.csproj", "{4E56CF6F-49A6-408A-9B56-C4612F9260AD}"
EndProject
Project("{FAE04EC0-301F-11D3-BF4B-00C04F79EFBC}") = "UnitTestProject", "UnitTestProject\UnitTestProject.csproj", "{B0D00E0C-0324-4375-8395-749E06F9D020}"
EndProject
Global
	GlobalSection(SolutionConfigurationPlatforms) = preSolution
		Debug|Any CPU = Debug|Any CPU
		Debug|ARM = Debug|ARM
		Debug|ARM64 = Debug|ARM64
		Debug|x64 = Debug|x64
		Debug|x86 = Debug|x86
		Release|Any CPU = Release|Any CPU
		Release|ARM = Release|ARM
		Release|ARM64 = Release|ARM64
		Release|x64 = Release|x64
		Release|x86 = Release|x86
	EndGlobalSection
	GlobalSection(ProjectConfigurationPlatforms) = postSolution
		{3467AAA4-5310-4CB3-AF0D-6EF5809185A0}.Debug|Any CPU.ActiveCfg = Debug|Any CPU
		{3467AAA4-5310-4CB3-AF0D-6EF5809185A0}.Debug|Any CPU.Build.0 = Debug|Any CPU
		{3467AAA4-5310-4CB3-AF0D-6EF5809185A0}.Debug|ARM.ActiveCfg = Debug|Any CPU
		{3467AAA4-5310-4CB3-AF0D-6EF5809185A0}.Debug|ARM.Build.0 = Debug|Any CPU
		{3467AAA4-5310-4CB3-AF0D-6EF5809185A0}.Debug|ARM64.ActiveCfg = Debug|Any CPU
		{3467AAA4-5310-4CB3-AF0D-6EF5809185A0}.Debug|ARM64.Build.0 = Debug|Any CPU
		{3467AAA4-5310-4CB3-AF0D-6EF5809185A0}.Debug|x64.ActiveCfg = Debug|Any CPU
		{3467AAA4-5310-4CB3-AF0D-6EF5809185A0}.Debug|x64.Build.0 = Debug|Any CPU
		{3467AAA4-5310-4CB3-AF0D-6EF5809185A0}.Debug|x86.ActiveCfg = Debug|Any CPU
		{3467AAA4-5310-4CB3-AF0D-6EF5809185A0}.Debug|x86.Build.0 = Debug|Any CPU
		{3467AAA4-5310-4CB3-AF0D-6EF5809185A0}.Release|Any CPU.ActiveCfg = Release|Any CPU
		{3467AAA4-5310-4CB3-AF0D-6EF5809185A0}.Release|Any CPU.Build.0 = Release|Any CPU
		{3467AAA4-5310-4CB3-AF0D-6EF5809185A0}.Release|ARM.ActiveCfg = Release|Any CPU
		{3467AAA4-5310-4CB3-AF0D-6EF5809185A0}.Release|ARM.Build.0 = Release|Any CPU
		{3467AAA4-5310-4CB3-AF0D-6EF5809185A0}.Release|ARM64.ActiveCfg = Release|Any CPU
		{3467AAA4-5310-4CB3-AF0D-6EF5809185A0}.Release|ARM64.Build.0 = Release|Any CPU
		{3467AAA4-5310-4CB3-AF0D-6EF5809185A0}.Release|x64.ActiveCfg = Release|Any CPU
		{3467AAA4-5310-4CB3-AF0D-6EF5809185A0}.Release|x64.Build.0 = Release|Any CPU
		{3467AAA4-5310-4CB3-AF0D-6EF5809185A0}.Release|x86.ActiveCfg = Release|Any CPU
		{3467AAA4-5310-4CB3-AF0D-6EF5809185A0}.Release|x86.Build.0 = Release|Any CPU
		{D3CA5E1A-2D48-4D88-906C-DC2DA09EA5F0}.Debug|Any CPU.ActiveCfg = Debug|Any CPU
		{D3CA5E1A-2D48-4D88-906C-DC2DA09EA5F0}.Debug|Any CPU.Build.0 = Debug|Any CPU
		{D3CA5E1A-2D48-4D88-906C-DC2DA09EA5F0}.Debug|ARM.ActiveCfg = Debug|Any CPU
		{D3CA5E1A-2D48-4D88-906C-DC2DA09EA5F0}.Debug|ARM.Build.0 = Debug|Any CPU
		{D3CA5E1A-2D48-4D88-906C-DC2DA09EA5F0}.Debug|ARM64.ActiveCfg = Debug|Any CPU
		{D3CA5E1A-2D48-4D88-906C-DC2DA09EA5F0}.Debug|ARM64.Build.0 = Debug|Any CPU
		{D3CA5E1A-2D48-4D88-906C-DC2DA09EA5F0}.Debug|x64.ActiveCfg = Debug|Any CPU
		{D3CA5E1A-2D48-4D88-906C-DC2DA09EA5F0}.Debug|x64.Build.0 = Debug|Any CPU
		{D3CA5E1A-2D48-4D88-906C-DC2DA09EA5F0}.Debug|x86.ActiveCfg = Debug|Any CPU
		{D3CA5E1A-2D48-4D88-906C-DC2DA09EA5F0}.Debug|x86.Build.0 = Debug|Any CPU
		{D3CA5E1A-2D48-4D88-906C-DC2DA09EA5F0}.Release|Any CPU.ActiveCfg = Release|Any CPU
		{D3CA5E1A-2D48-4D88-906C-DC2DA09EA5F0}.Release|Any CPU.Build.0 = Release|Any CPU
		{D3CA5E1A-2D48-4D88-906C-DC2DA09EA5F0}.Release|ARM.ActiveCfg = Release|Any CPU
		{D3CA5E1A-2D48-4D88-906C-DC2DA09EA5F0}.Release|ARM.Build.0 = Release|Any CPU
		{D3CA5E1A-2D48-4D88-906C-DC2DA09EA5F0}.Release|ARM64.ActiveCfg = Release|Any CPU
		{D3CA5E1A-2D48-4D88-906C-DC2DA09EA5F0}.Release|ARM64.Build.0 = Release|Any CPU
		{D3CA5E1A-2D48-4D88-906C-DC2DA09EA5F0}.Release|x64.ActiveCfg = Release|Any CPU
		{D3CA5E1A-2D48-4D88-906C-DC2DA09EA5F0}.Release|x64.Build.0 = Release|Any CPU
		{D3CA5E1A-2D48-4D88-906C-DC2DA09EA5F0}.Release|x86.ActiveCfg = Release|Any CPU
		{D3CA5E1A-2D48-4D88-906C-DC2DA09EA5F0}.Release|x86.Build.0 = Release|Any CPU
		{071DE7DB-BAD2-4B3C-92B2-337B50B1039A}.Debug|Any CPU.ActiveCfg = Debug|Any CPU
		{071DE7DB-BAD2-4B3C-92B2-337B50B1039A}.Debug|Any CPU.Build.0 = Debug|Any CPU
		{071DE7DB-BAD2-4B3C-92B2-337B50B1039A}.Debug|ARM.ActiveCfg = Debug|Any CPU
		{071DE7DB-BAD2-4B3C-92B2-337B50B1039A}.Debug|ARM.Build.0 = Debug|Any CPU
		{071DE7DB-BAD2-4B3C-92B2-337B50B1039A}.Debug|ARM64.ActiveCfg = Debug|Any CPU
		{071DE7DB-BAD2-4B3C-92B2-337B50B1039A}.Debug|ARM64.Build.0 = Debug|Any CPU
		{071DE7DB-BAD2-4B3C-92B2-337B50B1039A}.Debug|x64.ActiveCfg = Debug|Any CPU
		{071DE7DB-BAD2-4B3C-92B2-337B50B1039A}.Debug|x64.Build.0 = Debug|Any CPU
		{071DE7DB-BAD2-4B3C-92B2-337B50B1039A}.Debug|x86.ActiveCfg = Debug|Any CPU
		{071DE7DB-BAD2-4B3C-92B2-337B50B1039A}.Debug|x86.Build.0 = Debug|Any CPU
		{071DE7DB-BAD2-4B3C-92B2-337B50B1039A}.Release|Any CPU.ActiveCfg = Release|Any CPU
		{071DE7DB-BAD2-4B3C-92B2-337B50B1039A}.Release|Any CPU.Build.0 = Release|Any CPU
		{071DE7DB-BAD2-4B3C-92B2-337B50B1039A}.Release|ARM.ActiveCfg = Release|Any CPU
		{071DE7DB-BAD2-4B3C-92B2-337B50B1039A}.Release|ARM.Build.0 = Release|Any CPU
		{071DE7DB-BAD2-4B3C-92B2-337B50B1039A}.Release|ARM64.ActiveCfg = Release|Any CPU
		{071DE7DB-BAD2-4B3C-92B2-337B50B1039A}.Release|ARM64.Build.0 = Release|Any CPU
		{071DE7DB-BAD2-4B3C-92B2-337B50B1039A}.Release|x64.ActiveCfg = Release|Any CPU
		{071DE7DB-BAD2-4B3C-92B2-337B50B1039A}.Release|x64.Build.0 = Release|Any CPU
		{071DE7DB-BAD2-4B3C-92B2-337B50B1039A}.Release|x86.ActiveCfg = Release|Any CPU
		{071DE7DB-BAD2-4B3C-92B2-337B50B1039A}.Release|x86.Build.0 = Release|Any CPU
		{CCB8BED5-565E-438F-9415-46A1B75AAE20}.Debug|Any CPU.ActiveCfg = Debug|Any CPU
		{CCB8BED5-565E-438F-9415-46A1B75AAE20}.Debug|Any CPU.Build.0 = Debug|Any CPU
		{CCB8BED5-565E-438F-9415-46A1B75AAE20}.Debug|ARM.ActiveCfg = Debug|Any CPU
		{CCB8BED5-565E-438F-9415-46A1B75AAE20}.Debug|ARM.Build.0 = Debug|Any CPU
		{CCB8BED5-565E-438F-9415-46A1B75AAE20}.Debug|ARM64.ActiveCfg = Debug|Any CPU
		{CCB8BED5-565E-438F-9415-46A1B75AAE20}.Debug|ARM64.Build.0 = Debug|Any CPU
		{CCB8BED5-565E-438F-9415-46A1B75AAE20}.Debug|x64.ActiveCfg = Debug|Any CPU
		{CCB8BED5-565E-438F-9415-46A1B75AAE20}.Debug|x64.Build.0 = Debug|Any CPU
		{CCB8BED5-565E-438F-9415-46A1B75AAE20}.Debug|x86.ActiveCfg = Debug|Any CPU
		{CCB8BED5-565E-438F-9415-46A1B75AAE20}.Debug|x86.Build.0 = Debug|Any CPU
		{CCB8BED5-565E-438F-9415-46A1B75AAE20}.Release|Any CPU.ActiveCfg = Release|Any CPU
		{CCB8BED5-565E-438F-9415-46A1B75AAE20}.Release|Any CPU.Build.0 = Release|Any CPU
		{CCB8BED5-565E-438F-9415-46A1B75AAE20}.Release|ARM.ActiveCfg = Release|Any CPU
		{CCB8BED5-565E-438F-9415-46A1B75AAE20}.Release|ARM.Build.0 = Release|Any CPU
		{CCB8BED5-565E-438F-9415-46A1B75AAE20}.Release|ARM64.ActiveCfg = Release|Any CPU
		{CCB8BED5-565E-438F-9415-46A1B75AAE20}.Release|ARM64.Build.0 = Release|Any CPU
		{CCB8BED5-565E-438F-9415-46A1B75AAE20}.Release|x64.ActiveCfg = Release|Any CPU
		{CCB8BED5-565E-438F-9415-46A1B75AAE20}.Release|x64.Build.0 = Release|Any CPU
		{CCB8BED5-565E-438F-9415-46A1B75AAE20}.Release|x86.ActiveCfg = Release|Any CPU
		{CCB8BED5-565E-438F-9415-46A1B75AAE20}.Release|x86.Build.0 = Release|Any CPU
		{FAA9B1FD-BB7D-4F4E-BC83-3A19D65F718D}.Debug|Any CPU.ActiveCfg = Debug|Any CPU
		{FAA9B1FD-BB7D-4F4E-BC83-3A19D65F718D}.Debug|Any CPU.Build.0 = Debug|Any CPU
		{FAA9B1FD-BB7D-4F4E-BC83-3A19D65F718D}.Debug|ARM.ActiveCfg = Debug|Any CPU
		{FAA9B1FD-BB7D-4F4E-BC83-3A19D65F718D}.Debug|ARM.Build.0 = Debug|Any CPU
		{FAA9B1FD-BB7D-4F4E-BC83-3A19D65F718D}.Debug|ARM64.ActiveCfg = Debug|Any CPU
		{FAA9B1FD-BB7D-4F4E-BC83-3A19D65F718D}.Debug|ARM64.Build.0 = Debug|Any CPU
		{FAA9B1FD-BB7D-4F4E-BC83-3A19D65F718D}.Debug|x64.ActiveCfg = Debug|Any CPU
		{FAA9B1FD-BB7D-4F4E-BC83-3A19D65F718D}.Debug|x64.Build.0 = Debug|Any CPU
		{FAA9B1FD-BB7D-4F4E-BC83-3A19D65F718D}.Debug|x86.ActiveCfg = Debug|Any CPU
		{FAA9B1FD-BB7D-4F4E-BC83-3A19D65F718D}.Debug|x86.Build.0 = Debug|Any CPU
		{FAA9B1FD-BB7D-4F4E-BC83-3A19D65F718D}.Release|Any CPU.ActiveCfg = Release|Any CPU
		{FAA9B1FD-BB7D-4F4E-BC83-3A19D65F718D}.Release|Any CPU.Build.0 = Release|Any CPU
		{FAA9B1FD-BB7D-4F4E-BC83-3A19D65F718D}.Release|ARM.ActiveCfg = Release|Any CPU
		{FAA9B1FD-BB7D-4F4E-BC83-3A19D65F718D}.Release|ARM.Build.0 = Release|Any CPU
		{FAA9B1FD-BB7D-4F4E-BC83-3A19D65F718D}.Release|ARM64.ActiveCfg = Release|Any CPU
		{FAA9B1FD-BB7D-4F4E-BC83-3A19D65F718D}.Release|ARM64.Build.0 = Release|Any CPU
		{FAA9B1FD-BB7D-4F4E-BC83-3A19D65F718D}.Release|x64.ActiveCfg = Release|Any CPU
		{FAA9B1FD-BB7D-4F4E-BC83-3A19D65F718D}.Release|x64.Build.0 = Release|Any CPU
		{FAA9B1FD-BB7D-4F4E-BC83-3A19D65F718D}.Release|x86.ActiveCfg = Release|Any CPU
		{FAA9B1FD-BB7D-4F4E-BC83-3A19D65F718D}.Release|x86.Build.0 = Release|Any CPU
		{BD02EC7E-90E2-47BB-ABB1-C0AC26FCB7E6}.Debug|Any CPU.ActiveCfg = Debug|Any CPU
		{BD02EC7E-90E2-47BB-ABB1-C0AC26FCB7E6}.Debug|Any CPU.Build.0 = Debug|Any CPU
		{BD02EC7E-90E2-47BB-ABB1-C0AC26FCB7E6}.Debug|ARM.ActiveCfg = Debug|Any CPU
		{BD02EC7E-90E2-47BB-ABB1-C0AC26FCB7E6}.Debug|ARM.Build.0 = Debug|Any CPU
		{BD02EC7E-90E2-47BB-ABB1-C0AC26FCB7E6}.Debug|ARM64.ActiveCfg = Debug|Any CPU
		{BD02EC7E-90E2-47BB-ABB1-C0AC26FCB7E6}.Debug|ARM64.Build.0 = Debug|Any CPU
		{BD02EC7E-90E2-47BB-ABB1-C0AC26FCB7E6}.Debug|x64.ActiveCfg = Debug|Any CPU
		{BD02EC7E-90E2-47BB-ABB1-C0AC26FCB7E6}.Debug|x64.Build.0 = Debug|Any CPU
		{BD02EC7E-90E2-47BB-ABB1-C0AC26FCB7E6}.Debug|x86.ActiveCfg = Debug|Any CPU
		{BD02EC7E-90E2-47BB-ABB1-C0AC26FCB7E6}.Debug|x86.Build.0 = Debug|Any CPU
		{BD02EC7E-90E2-47BB-ABB1-C0AC26FCB7E6}.Release|Any CPU.ActiveCfg = Release|Any CPU
		{BD02EC7E-90E2-47BB-ABB1-C0AC26FCB7E6}.Release|Any CPU.Build.0 = Release|Any CPU
		{BD02EC7E-90E2-47BB-ABB1-C0AC26FCB7E6}.Release|ARM.ActiveCfg = Release|Any CPU
		{BD02EC7E-90E2-47BB-ABB1-C0AC26FCB7E6}.Release|ARM.Build.0 = Release|Any CPU
		{BD02EC7E-90E2-47BB-ABB1-C0AC26FCB7E6}.Release|ARM64.ActiveCfg = Release|Any CPU
		{BD02EC7E-90E2-47BB-ABB1-C0AC26FCB7E6}.Release|ARM64.Build.0 = Release|Any CPU
		{BD02EC7E-90E2-47BB-ABB1-C0AC26FCB7E6}.Release|x64.ActiveCfg = Release|Any CPU
		{BD02EC7E-90E2-47BB-ABB1-C0AC26FCB7E6}.Release|x64.Build.0 = Release|Any CPU
		{BD02EC7E-90E2-47BB-ABB1-C0AC26FCB7E6}.Release|x86.ActiveCfg = Release|Any CPU
		{BD02EC7E-90E2-47BB-ABB1-C0AC26FCB7E6}.Release|x86.Build.0 = Release|Any CPU
		{4E56CF6F-49A6-408A-9B56-C4612F9260AD}.Debug|Any CPU.ActiveCfg = Debug|Any CPU
		{4E56CF6F-49A6-408A-9B56-C4612F9260AD}.Debug|Any CPU.Build.0 = Debug|Any CPU
		{4E56CF6F-49A6-408A-9B56-C4612F9260AD}.Debug|ARM.ActiveCfg = Debug|Any CPU
		{4E56CF6F-49A6-408A-9B56-C4612F9260AD}.Debug|ARM.Build.0 = Debug|Any CPU
		{4E56CF6F-49A6-408A-9B56-C4612F9260AD}.Debug|ARM64.ActiveCfg = Debug|Any CPU
		{4E56CF6F-49A6-408A-9B56-C4612F9260AD}.Debug|ARM64.Build.0 = Debug|Any CPU
		{4E56CF6F-49A6-408A-9B56-C4612F9260AD}.Debug|x64.ActiveCfg = Debug|Any CPU
		{4E56CF6F-49A6-408A-9B56-C4612F9260AD}.Debug|x64.Build.0 = Debug|Any CPU
		{4E56CF6F-49A6-408A-9B56-C4612F9260AD}.Debug|x86.ActiveCfg = Debug|Any CPU
		{4E56CF6F-49A6-408A-9B56-C4612F9260AD}.Debug|x86.Build.0 = Debug|Any CPU
		{4E56CF6F-49A6-408A-9B56-C4612F9260AD}.Release|Any CPU.ActiveCfg = Release|Any CPU
		{4E56CF6F-49A6-408A-9B56-C4612F9260AD}.Release|Any CPU.Build.0 = Release|Any CPU
		{4E56CF6F-49A6-408A-9B56-C4612F9260AD}.Release|ARM.ActiveCfg = Release|Any CPU
		{4E56CF6F-49A6-408A-9B56-C4612F9260AD}.Release|ARM.Build.0 = Release|Any CPU
		{4E56CF6F-49A6-408A-9B56-C4612F9260AD}.Release|ARM64.ActiveCfg = Release|Any CPU
		{4E56CF6F-49A6-408A-9B56-C4612F9260AD}.Release|ARM64.Build.0 = Release|Any CPU
		{4E56CF6F-49A6-408A-9B56-C4612F9260AD}.Release|x64.ActiveCfg = Release|Any CPU
		{4E56CF6F-49A6-408A-9B56-C4612F9260AD}.Release|x64.Build.0 = Release|Any CPU
		{4E56CF6F-49A6-408A-9B56-C4612F9260AD}.Release|x86.ActiveCfg = Release|Any CPU
		{4E56CF6F-49A6-408A-9B56-C4612F9260AD}.Release|x86.Build.0 = Release|Any CPU
		{B0D00E0C-0324-4375-8395-749E06F9D020}.Debug|Any CPU.ActiveCfg = Debug|Any CPU
		{B0D00E0C-0324-4375-8395-749E06F9D020}.Debug|Any CPU.Build.0 = Debug|Any CPU
		{B0D00E0C-0324-4375-8395-749E06F9D020}.Debug|ARM.ActiveCfg = Debug|Any CPU
		{B0D00E0C-0324-4375-8395-749E06F9D020}.Debug|ARM.Build.0 = Debug|Any CPU
		{B0D00E0C-0324-4375-8395-749E06F9D020}.Debug|ARM64.ActiveCfg = Debug|Any CPU
		{B0D00E0C-0324-4375-8395-749E06F9D020}.Debug|ARM64.Build.0 = Debug|Any CPU
		{B0D00E0C-0324-4375-8395-749E06F9D020}.Debug|x64.ActiveCfg = Debug|Any CPU
		{B0D00E0C-0324-4375-8395-749E06F9D020}.Debug|x64.Build.0 = Debug|Any CPU
		{B0D00E0C-0324-4375-8395-749E06F9D020}.Debug|x86.ActiveCfg = Debug|Any CPU
		{B0D00E0C-0324-4375-8395-749E06F9D020}.Debug|x86.Build.0 = Debug|Any CPU
		{B0D00E0C-0324-4375-8395-749E06F9D020}.Release|Any CPU.ActiveCfg = Release|Any CPU
		{B0D00E0C-0324-4375-8395-749E06F9D020}.Release|Any CPU.Build.0 = Release|Any CPU
		{B0D00E0C-0324-4375-8395-749E06F9D020}.Release|ARM.ActiveCfg = Release|Any CPU
		{B0D00E0C-0324-4375-8395-749E06F9D020}.Release|ARM.Build.0 = Release|Any CPU
		{B0D00E0C-0324-4375-8395-749E06F9D020}.Release|ARM64.ActiveCfg = Release|Any CPU
		{B0D00E0C-0324-4375-8395-749E06F9D020}.Release|ARM64.Build.0 = Release|Any CPU
		{B0D00E0C-0324-4375-8395-749E06F9D020}.Release|x64.ActiveCfg = Release|Any CPU
		{B0D00E0C-0324-4375-8395-749E06F9D020}.Release|x64.Build.0 = Release|Any CPU
		{B0D00E0C-0324-4375-8395-749E06F9D020}.Release|x86.ActiveCfg = Release|Any CPU
		{B0D00E0C-0324-4375-8395-749E06F9D020}.Release|x86.Build.0 = Release|Any CPU
	EndGlobalSection
	GlobalSection(SolutionProperties) = preSolution
		HideSolutionNode = FALSE
	EndGlobalSection
	GlobalSection(ExtensibilityGlobals) = postSolution
		SolutionGuid = {CCEF12BC-0B7A-4710-8633-A0598B27C7CC}
	EndGlobalSection
EndGlobal
