
Microsoft Visual Studio Solution File, Format Version 12.00
# Visual Studio 15
VisualStudioVersion = 15.0.28307.421
MinimumVisualStudioVersion = 10.0.40219.1
Project("{FAE04EC0-301F-11D3-BF4B-00C04F79EFBC}") = "Admin", "Admin\Admin.csproj", "{FF388498-7883-436D-9B9D-1509E6B58CD4}"
EndProject
Project("{FAE04EC0-301F-11D3-BF4B-00C04F79EFBC}") = "AdminService", "AdminService\AdminService.csproj", "{6BDAA421-09DC-4378-8D4C-D0BBBC541CFA}"
EndProject
Global
	GlobalSection(SolutionConfigurationPlatforms) = preSolution
		Debug|Any CPU = Debug|Any CPU
		Release|Any CPU = Release|Any CPU
	EndGlobalSection
	GlobalSection(ProjectConfigurationPlatforms) = postSolution
		{FF388498-7883-436D-9B9D-1509E6B58CD4}.Debug|Any CPU.ActiveCfg = Debug|Any CPU
		{FF388498-7883-436D-9B9D-1509E6B58CD4}.Debug|Any CPU.Build.0 = Debug|Any CPU
		{FF388498-7883-436D-9B9D-1509E6B58CD4}.Release|Any CPU.ActiveCfg = Release|Any CPU
		{FF388498-7883-436D-9B9D-1509E6B58CD4}.Release|Any CPU.Build.0 = Release|Any CPU
		{6BDAA421-09DC-4378-8D4C-D0BBBC541CFA}.Debug|Any CPU.ActiveCfg = Debug|Any CPU
		{6BDAA421-09DC-4378-8D4C-D0BBBC541CFA}.Debug|Any CPU.Build.0 = Debug|Any CPU
		{6BDAA421-09DC-4378-8D4C-D0BBBC541CFA}.Release|Any CPU.ActiveCfg = Release|Any CPU
		{6BDAA421-09DC-4378-8D4C-D0BBBC541CFA}.Release|Any CPU.Build.0 = Release|Any CPU
	EndGlobalSection
	GlobalSection(SolutionProperties) = preSolution
		HideSolutionNode = FALSE
	EndGlobalSection
	GlobalSection(ExtensibilityGlobals) = postSolution
		SolutionGuid = {154FD56E-973B-4039-BF18-3BCAA565AF52}
	EndGlobalSection
EndGlobal
