
Microsoft Visual Studio Solution File, Format Version 12.00
# Visual Studio 15
VisualStudioVersion = 15.0.26228.9
MinimumVisualStudioVersion = 10.0.40219.1
Project("{FAE04EC0-301F-11D3-BF4B-00C04F79EFBC}") = "Pecunia.BusinessLayer", "Pecunia.BusinessLayer\Pecunia.BusinessLayer.csproj", "{D3CA5E1A-2D48-4D88-906C-DC2DA09EA5F0}"
EndProject
Project("{FAE04EC0-301F-11D3-BF4B-00C04F79EFBC}") = "Pecunia.DataAccessLayer", "Pecunia.DataAccessLayer\Pecunia.DataAccessLayer.csproj", "{071DE7DB-BAD2-4B3C-92B2-337B50B1039A}"
EndProject
Project("{FAE04EC0-301F-11D3-BF4B-00C04F79EFBC}") = "Pecunia.Entities", "Pecunia.Entities\Pecunia.Entities.csproj", "{CCB8BED5-565E-438F-9415-46A1B75AAE20}"
EndProject
Project("{FAE04EC0-301F-11D3-BF4B-00C04F79EFBC}") = "Pecunia.Exceptions", "Pecunia.Exceptions\Pecunia.Exceptions.csproj", "{FAA9B1FD-BB7D-4F4E-BC83-3A19D65F718D}"
EndProject
Project("{FAE04EC0-301F-11D3-BF4B-00C04F79EFBC}") = "Pecunia.Helpers", "Helpers\Pecunia.Helpers.csproj", "{BD02EC7E-90E2-47BB-ABB1-C0AC26FCB7E6}"
EndProject
Project("{FAE04EC0-301F-11D3-BF4B-00C04F79EFBC}") = "Pecunia.Contracts", "Pecunia.Contracts\Pecunia.Contracts.csproj", "{4E56CF6F-49A6-408A-9B56-C4612F9260AD}"
EndProject
Project("{FAE04EC0-301F-11D3-BF4B-00C04F79EFBC}") = "ConsoleApp3", "ConsoleApp3\ConsoleApp3.csproj", "{2DE728F3-E54B-4C90-B21F-56B1DE9E9127}"
EndProject
Project("{FAE04EC0-301F-11D3-BF4B-00C04F79EFBC}") = "Pecunia.PresentationMVC", "Pecunia.PresentationMVC\Pecunia.PresentationMVC.csproj", "{0BAD42FF-C2B3-4702-A0A9-202DCA334058}"
	ProjectSection(ProjectDependencies) = postProject
		{F97CF04B-D083-4236-AC91-12D3783760C5} = {F97CF04B-D083-4236-AC91-12D3783760C5}
	EndProjectSection
EndProject
Project("{FAE04EC0-301F-11D3-BF4B-00C04F79EFBC}") = "TeamF.WCF", "TeamF.WCF\TeamF.WCF.csproj", "{F97CF04B-D083-4236-AC91-12D3783760C5}"
EndProject
Global
	GlobalSection(SolutionConfigurationPlatforms) = preSolution
		Debug|Any CPU = Debug|Any CPU
		Release|Any CPU = Release|Any CPU
	EndGlobalSection
	GlobalSection(ProjectConfigurationPlatforms) = postSolution
		{D3CA5E1A-2D48-4D88-906C-DC2DA09EA5F0}.Debug|Any CPU.ActiveCfg = Debug|Any CPU
		{D3CA5E1A-2D48-4D88-906C-DC2DA09EA5F0}.Debug|Any CPU.Build.0 = Debug|Any CPU
		{D3CA5E1A-2D48-4D88-906C-DC2DA09EA5F0}.Release|Any CPU.ActiveCfg = Release|Any CPU
		{D3CA5E1A-2D48-4D88-906C-DC2DA09EA5F0}.Release|Any CPU.Build.0 = Release|Any CPU
		{071DE7DB-BAD2-4B3C-92B2-337B50B1039A}.Debug|Any CPU.ActiveCfg = Debug|Any CPU
		{071DE7DB-BAD2-4B3C-92B2-337B50B1039A}.Debug|Any CPU.Build.0 = Debug|Any CPU
		{071DE7DB-BAD2-4B3C-92B2-337B50B1039A}.Release|Any CPU.ActiveCfg = Release|Any CPU
		{071DE7DB-BAD2-4B3C-92B2-337B50B1039A}.Release|Any CPU.Build.0 = Release|Any CPU
		{CCB8BED5-565E-438F-9415-46A1B75AAE20}.Debug|Any CPU.ActiveCfg = Debug|Any CPU
		{CCB8BED5-565E-438F-9415-46A1B75AAE20}.Debug|Any CPU.Build.0 = Debug|Any CPU
		{CCB8BED5-565E-438F-9415-46A1B75AAE20}.Release|Any CPU.ActiveCfg = Release|Any CPU
		{CCB8BED5-565E-438F-9415-46A1B75AAE20}.Release|Any CPU.Build.0 = Release|Any CPU
		{FAA9B1FD-BB7D-4F4E-BC83-3A19D65F718D}.Debug|Any CPU.ActiveCfg = Debug|Any CPU
		{FAA9B1FD-BB7D-4F4E-BC83-3A19D65F718D}.Debug|Any CPU.Build.0 = Debug|Any CPU
		{FAA9B1FD-BB7D-4F4E-BC83-3A19D65F718D}.Release|Any CPU.ActiveCfg = Release|Any CPU
		{FAA9B1FD-BB7D-4F4E-BC83-3A19D65F718D}.Release|Any CPU.Build.0 = Release|Any CPU
		{BD02EC7E-90E2-47BB-ABB1-C0AC26FCB7E6}.Debug|Any CPU.ActiveCfg = Debug|Any CPU
		{BD02EC7E-90E2-47BB-ABB1-C0AC26FCB7E6}.Debug|Any CPU.Build.0 = Debug|Any CPU
		{BD02EC7E-90E2-47BB-ABB1-C0AC26FCB7E6}.Release|Any CPU.ActiveCfg = Release|Any CPU
		{BD02EC7E-90E2-47BB-ABB1-C0AC26FCB7E6}.Release|Any CPU.Build.0 = Release|Any CPU
		{4E56CF6F-49A6-408A-9B56-C4612F9260AD}.Debug|Any CPU.ActiveCfg = Debug|Any CPU
		{4E56CF6F-49A6-408A-9B56-C4612F9260AD}.Debug|Any CPU.Build.0 = Debug|Any CPU
		{4E56CF6F-49A6-408A-9B56-C4612F9260AD}.Release|Any CPU.ActiveCfg = Release|Any CPU
		{4E56CF6F-49A6-408A-9B56-C4612F9260AD}.Release|Any CPU.Build.0 = Release|Any CPU
		{2DE728F3-E54B-4C90-B21F-56B1DE9E9127}.Debug|Any CPU.ActiveCfg = Debug|Any CPU
		{2DE728F3-E54B-4C90-B21F-56B1DE9E9127}.Debug|Any CPU.Build.0 = Debug|Any CPU
		{2DE728F3-E54B-4C90-B21F-56B1DE9E9127}.Release|Any CPU.ActiveCfg = Release|Any CPU
		{2DE728F3-E54B-4C90-B21F-56B1DE9E9127}.Release|Any CPU.Build.0 = Release|Any CPU
		{0BAD42FF-C2B3-4702-A0A9-202DCA334058}.Debug|Any CPU.ActiveCfg = Debug|Any CPU
		{0BAD42FF-C2B3-4702-A0A9-202DCA334058}.Debug|Any CPU.Build.0 = Debug|Any CPU
		{0BAD42FF-C2B3-4702-A0A9-202DCA334058}.Release|Any CPU.ActiveCfg = Release|Any CPU
		{0BAD42FF-C2B3-4702-A0A9-202DCA334058}.Release|Any CPU.Build.0 = Release|Any CPU
		{F97CF04B-D083-4236-AC91-12D3783760C5}.Debug|Any CPU.ActiveCfg = Debug|Any CPU
		{F97CF04B-D083-4236-AC91-12D3783760C5}.Debug|Any CPU.Build.0 = Debug|Any CPU
		{F97CF04B-D083-4236-AC91-12D3783760C5}.Release|Any CPU.ActiveCfg = Release|Any CPU
		{F97CF04B-D083-4236-AC91-12D3783760C5}.Release|Any CPU.Build.0 = Release|Any CPU
	EndGlobalSection
	GlobalSection(SolutionProperties) = preSolution
		HideSolutionNode = FALSE
	EndGlobalSection
	GlobalSection(ExtensibilityGlobals) = postSolution
		SolutionGuid = {CCEF12BC-0B7A-4710-8633-A0598B27C7CC}
	EndGlobalSection
EndGlobal
